// !$*UTF8*$!
{
	archiveVersion = 1;
	classes = {
	};
	objectVersion = 50;
	objects = {

/* Begin PBXBuildFile section */
		6A1425FF2462DC7F005FE87B /* Game.swift in Sources */ = {isa = PBXBuildFile; fileRef = 6A8F51A12462AD8A00285788 /* Game.swift */; };
		6A1426002462DCBA005FE87B /* BaseBallGameInfo.swift in Sources */ = {isa = PBXBuildFile; fileRef = 6A8F51A42462B26600285788 /* BaseBallGameInfo.swift */; };
		6A1426012462DEF6005FE87B /* GameStackCell.xib in Resources */ = {isa = PBXBuildFile; fileRef = 6A8F519F2462AD5300285788 /* GameStackCell.xib */; };
		6A18BE4B246C1992008344DF /* CurrentPlayerInfoView.swift in Sources */ = {isa = PBXBuildFile; fileRef = 6A18BE4A246C1992008344DF /* CurrentPlayerInfoView.swift */; };
		6A2D3B5F2464FD7D003705B1 /* GameStackView.swift in Sources */ = {isa = PBXBuildFile; fileRef = 6A2D3B5E2464FD7D003705B1 /* GameStackView.swift */; };
		6A45AB8A246872E000FC2B57 /* RoundRectView.swift in Sources */ = {isa = PBXBuildFile; fileRef = 6A45AB89246872E000FC2B57 /* RoundRectView.swift */; };
		6A5D47072468209400113A51 /* neodgm.ttf in Resources */ = {isa = PBXBuildFile; fileRef = 6A5D47062468209400113A51 /* neodgm.ttf */; };
		6A5D470B24685DC100113A51 /* MatchingViewController.swift in Sources */ = {isa = PBXBuildFile; fileRef = 6A5D470A24685DC100113A51 /* MatchingViewController.swift */; };
		6A5D470D246862FE00113A51 /* Enum.swift in Sources */ = {isa = PBXBuildFile; fileRef = 6A5D470C246862FE00113A51 /* Enum.swift */; };
		6A5D470F24686D2200113A51 /* TeamScoreView.swift in Sources */ = {isa = PBXBuildFile; fileRef = 6A5D470E24686D2200113A51 /* TeamScoreView.swift */; };
		6A6AA812246C675F00305B7B /* ScoreStackView.swift in Sources */ = {isa = PBXBuildFile; fileRef = 6A6AA811246C675F00305B7B /* ScoreStackView.swift */; };
		6A6AA814246C695700305B7B /* ScoreDetailTableDataSource.swift in Sources */ = {isa = PBXBuildFile; fileRef = 6A6AA813246C695700305B7B /* ScoreDetailTableDataSource.swift */; };
		6A770030246A9C4C003EA1CF /* CurrentAtBatView.swift in Sources */ = {isa = PBXBuildFile; fileRef = 6A77002F246A9C4C003EA1CF /* CurrentAtBatView.swift */; };
		6A8F5174245FFB6800285788 /* AppDelegate.swift in Sources */ = {isa = PBXBuildFile; fileRef = 6A8F5173245FFB6800285788 /* AppDelegate.swift */; };
		6A8F5176245FFB6800285788 /* SceneDelegate.swift in Sources */ = {isa = PBXBuildFile; fileRef = 6A8F5175245FFB6800285788 /* SceneDelegate.swift */; };
		6A8F5178245FFB6800285788 /* LoginViewController.swift in Sources */ = {isa = PBXBuildFile; fileRef = 6A8F5177245FFB6800285788 /* LoginViewController.swift */; };
		6A8F517B245FFB6800285788 /* Main.storyboard in Resources */ = {isa = PBXBuildFile; fileRef = 6A8F5179245FFB6800285788 /* Main.storyboard */; };
		6A8F5180245FFB6900285788 /* LaunchScreen.storyboard in Resources */ = {isa = PBXBuildFile; fileRef = 6A8F517E245FFB6900285788 /* LaunchScreen.storyboard */; };
		6A8F518B245FFB6900285788 /* BaseBallGameTests.swift in Sources */ = {isa = PBXBuildFile; fileRef = 6A8F518A245FFB6900285788 /* BaseBallGameTests.swift */; };
		6A8F51962460084B00285788 /* RectView.swift in Sources */ = {isa = PBXBuildFile; fileRef = 6A8F51952460084B00285788 /* RectView.swift */; };
		6A8F5198246249E400285788 /* GameListViewController.swift in Sources */ = {isa = PBXBuildFile; fileRef = 6A8F5197246249E400285788 /* GameListViewController.swift */; };
		6A8F519B24624A0800285788 /* GameViewController.swift in Sources */ = {isa = PBXBuildFile; fileRef = 6A8F519A24624A0800285788 /* GameViewController.swift */; };
		6A8F519D24624CA900285788 /* ScoreDetailViewController.swift in Sources */ = {isa = PBXBuildFile; fileRef = 6A8F519C24624CA900285788 /* ScoreDetailViewController.swift */; };
		6A8F51A02462AD5300285788 /* GameStackCell.xib in Resources */ = {isa = PBXBuildFile; fileRef = 6A8F519F2462AD5300285788 /* GameStackCell.xib */; };
		6A8F51A22462AD8A00285788 /* Game.swift in Sources */ = {isa = PBXBuildFile; fileRef = 6A8F51A12462AD8A00285788 /* Game.swift */; };
		6A8F51A52462B26600285788 /* BaseBallGameInfo.swift in Sources */ = {isa = PBXBuildFile; fileRef = 6A8F51A42462B26600285788 /* BaseBallGameInfo.swift */; };
		6A9F98CA2469A64200AFF008 /* BSOView.swift in Sources */ = {isa = PBXBuildFile; fileRef = 6A9F98C92469A64200AFF008 /* BSOView.swift */; };
		6A9F98CC2469A6B200AFF008 /* Assets.xcassets in Resources */ = {isa = PBXBuildFile; fileRef = 6A9F98CB2469A6B200AFF008 /* Assets.xcassets */; };
		6A9F98CE2469A84C00AFF008 /* OvalView.swift in Sources */ = {isa = PBXBuildFile; fileRef = 6A9F98CD2469A84C00AFF008 /* OvalView.swift */; };
		6AD1357B246AD87000B947A3 /* PlayButton.swift in Sources */ = {isa = PBXBuildFile; fileRef = 6AD1357A246AD87000B947A3 /* PlayButton.swift */; };
		6AD1357D246AD95F00B947A3 /* CustomButton.swift in Sources */ = {isa = PBXBuildFile; fileRef = 6AD1357C246AD95F00B947A3 /* CustomButton.swift */; };
		6AD135E0246BF19400B947A3 /* HistoryCollectionViewCell.swift in Sources */ = {isa = PBXBuildFile; fileRef = 6AD135DE246BF19400B947A3 /* HistoryCollectionViewCell.swift */; };
/* End PBXBuildFile section */

/* Begin PBXContainerItemProxy section */
		6A8F5187245FFB6900285788 /* PBXContainerItemProxy */ = {
			isa = PBXContainerItemProxy;
			containerPortal = 6A8F5168245FFB6800285788 /* Project object */;
			proxyType = 1;
			remoteGlobalIDString = 6A8F516F245FFB6800285788;
			remoteInfo = BaseBallGame;
		};
/* End PBXContainerItemProxy section */

/* Begin PBXFileReference section */
		6A18BE4A246C1992008344DF /* CurrentPlayerInfoView.swift */ = {isa = PBXFileReference; lastKnownFileType = sourcecode.swift; path = CurrentPlayerInfoView.swift; sourceTree = "<group>"; };
		6A2D3B5E2464FD7D003705B1 /* GameStackView.swift */ = {isa = PBXFileReference; lastKnownFileType = sourcecode.swift; path = GameStackView.swift; sourceTree = "<group>"; };
		6A45AB89246872E000FC2B57 /* RoundRectView.swift */ = {isa = PBXFileReference; lastKnownFileType = sourcecode.swift; path = RoundRectView.swift; sourceTree = "<group>"; };
		6A5D47062468209400113A51 /* neodgm.ttf */ = {isa = PBXFileReference; lastKnownFileType = file; path = neodgm.ttf; sourceTree = "<group>"; };
		6A5D470A24685DC100113A51 /* MatchingViewController.swift */ = {isa = PBXFileReference; lastKnownFileType = sourcecode.swift; path = MatchingViewController.swift; sourceTree = "<group>"; };
		6A5D470C246862FE00113A51 /* Enum.swift */ = {isa = PBXFileReference; lastKnownFileType = sourcecode.swift; path = Enum.swift; sourceTree = "<group>"; };
		6A5D470E24686D2200113A51 /* TeamScoreView.swift */ = {isa = PBXFileReference; lastKnownFileType = sourcecode.swift; path = TeamScoreView.swift; sourceTree = "<group>"; };
		6A6AA811246C675F00305B7B /* ScoreStackView.swift */ = {isa = PBXFileReference; lastKnownFileType = sourcecode.swift; path = ScoreStackView.swift; sourceTree = "<group>"; };
		6A6AA813246C695700305B7B /* ScoreDetailTableDataSource.swift */ = {isa = PBXFileReference; lastKnownFileType = sourcecode.swift; path = ScoreDetailTableDataSource.swift; sourceTree = "<group>"; };
		6A77002F246A9C4C003EA1CF /* CurrentAtBatView.swift */ = {isa = PBXFileReference; lastKnownFileType = sourcecode.swift; path = CurrentAtBatView.swift; sourceTree = "<group>"; };
		6A8F5170245FFB6800285788 /* BaseBallGame.app */ = {isa = PBXFileReference; explicitFileType = wrapper.application; includeInIndex = 0; path = BaseBallGame.app; sourceTree = BUILT_PRODUCTS_DIR; };
		6A8F5173245FFB6800285788 /* AppDelegate.swift */ = {isa = PBXFileReference; lastKnownFileType = sourcecode.swift; path = AppDelegate.swift; sourceTree = "<group>"; };
		6A8F5175245FFB6800285788 /* SceneDelegate.swift */ = {isa = PBXFileReference; lastKnownFileType = sourcecode.swift; path = SceneDelegate.swift; sourceTree = "<group>"; };
		6A8F5177245FFB6800285788 /* LoginViewController.swift */ = {isa = PBXFileReference; lastKnownFileType = sourcecode.swift; path = LoginViewController.swift; sourceTree = "<group>"; };
		6A8F517A245FFB6800285788 /* Base */ = {isa = PBXFileReference; lastKnownFileType = file.storyboard; name = Base; path = Base.lproj/Main.storyboard; sourceTree = "<group>"; };
		6A8F517F245FFB6900285788 /* Base */ = {isa = PBXFileReference; lastKnownFileType = file.storyboard; name = Base; path = Base.lproj/LaunchScreen.storyboard; sourceTree = "<group>"; };
		6A8F5181245FFB6900285788 /* Info.plist */ = {isa = PBXFileReference; lastKnownFileType = text.plist.xml; path = Info.plist; sourceTree = "<group>"; };
		6A8F5186245FFB6900285788 /* BaseBallGameTests.xctest */ = {isa = PBXFileReference; explicitFileType = wrapper.cfbundle; includeInIndex = 0; path = BaseBallGameTests.xctest; sourceTree = BUILT_PRODUCTS_DIR; };
		6A8F518A245FFB6900285788 /* BaseBallGameTests.swift */ = {isa = PBXFileReference; lastKnownFileType = sourcecode.swift; path = BaseBallGameTests.swift; sourceTree = "<group>"; };
		6A8F518C245FFB6900285788 /* Info.plist */ = {isa = PBXFileReference; lastKnownFileType = text.plist.xml; path = Info.plist; sourceTree = "<group>"; };
		6A8F51952460084B00285788 /* RectView.swift */ = {isa = PBXFileReference; lastKnownFileType = sourcecode.swift; path = RectView.swift; sourceTree = "<group>"; };
		6A8F5197246249E400285788 /* GameListViewController.swift */ = {isa = PBXFileReference; lastKnownFileType = sourcecode.swift; path = GameListViewController.swift; sourceTree = "<group>"; };
		6A8F519A24624A0800285788 /* GameViewController.swift */ = {isa = PBXFileReference; lastKnownFileType = sourcecode.swift; path = GameViewController.swift; sourceTree = "<group>"; };
		6A8F519C24624CA900285788 /* ScoreDetailViewController.swift */ = {isa = PBXFileReference; lastKnownFileType = sourcecode.swift; path = ScoreDetailViewController.swift; sourceTree = "<group>"; };
		6A8F519F2462AD5300285788 /* GameStackCell.xib */ = {isa = PBXFileReference; lastKnownFileType = file.xib; path = GameStackCell.xib; sourceTree = "<group>"; };
		6A8F51A12462AD8A00285788 /* Game.swift */ = {isa = PBXFileReference; lastKnownFileType = sourcecode.swift; path = Game.swift; sourceTree = "<group>"; };
		6A8F51A42462B26600285788 /* BaseBallGameInfo.swift */ = {isa = PBXFileReference; lastKnownFileType = sourcecode.swift; path = BaseBallGameInfo.swift; sourceTree = "<group>"; };
		6A9F98C92469A64200AFF008 /* BSOView.swift */ = {isa = PBXFileReference; lastKnownFileType = sourcecode.swift; path = BSOView.swift; sourceTree = "<group>"; };
		6A9F98CB2469A6B200AFF008 /* Assets.xcassets */ = {isa = PBXFileReference; lastKnownFileType = folder.assetcatalog; path = Assets.xcassets; sourceTree = "<group>"; };
		6A9F98CD2469A84C00AFF008 /* OvalView.swift */ = {isa = PBXFileReference; lastKnownFileType = sourcecode.swift; path = OvalView.swift; sourceTree = "<group>"; };
		6AD1357A246AD87000B947A3 /* PlayButton.swift */ = {isa = PBXFileReference; lastKnownFileType = sourcecode.swift; path = PlayButton.swift; sourceTree = "<group>"; };
		6AD1357C246AD95F00B947A3 /* CustomButton.swift */ = {isa = PBXFileReference; lastKnownFileType = sourcecode.swift; path = CustomButton.swift; sourceTree = "<group>"; };
		6AD135DE246BF19400B947A3 /* HistoryCollectionViewCell.swift */ = {isa = PBXFileReference; lastKnownFileType = sourcecode.swift; path = HistoryCollectionViewCell.swift; sourceTree = "<group>"; };
/* End PBXFileReference section */

/* Begin PBXFrameworksBuildPhase section */
		6A8F516D245FFB6800285788 /* Frameworks */ = {
			isa = PBXFrameworksBuildPhase;
			buildActionMask = 2147483647;
			files = (
			);
			runOnlyForDeploymentPostprocessing = 0;
		};
		6A8F5183245FFB6900285788 /* Frameworks */ = {
			isa = PBXFrameworksBuildPhase;
			buildActionMask = 2147483647;
			files = (
			);
			runOnlyForDeploymentPostprocessing = 0;
		};
/* End PBXFrameworksBuildPhase section */

/* Begin PBXGroup section */
		6A8F5167245FFB6800285788 = {
			isa = PBXGroup;
			children = (
				6A8F5172245FFB6800285788 /* BaseBallGame */,
				6A8F5189245FFB6900285788 /* BaseBallGameTests */,
				6A8F5171245FFB6800285788 /* Products */,
			);
			sourceTree = "<group>";
		};
		6A8F5171245FFB6800285788 /* Products */ = {
			isa = PBXGroup;
			children = (
				6A8F5170245FFB6800285788 /* BaseBallGame.app */,
				6A8F5186245FFB6900285788 /* BaseBallGameTests.xctest */,
			);
			name = Products;
			sourceTree = "<group>";
		};
		6A8F5172245FFB6800285788 /* BaseBallGame */ = {
			isa = PBXGroup;
			children = (
				6A8F51A32462B25500285788 /* Model */,
				6A8F519E2462AA1F00285788 /* View */,
				6A8F5199246249E900285788 /* Controller */,
				6A8F5173245FFB6800285788 /* AppDelegate.swift */,
				6A8F5175245FFB6800285788 /* SceneDelegate.swift */,
				6A9F98CB2469A6B200AFF008 /* Assets.xcassets */,
				6A8F5179245FFB6800285788 /* Main.storyboard */,
				6A5D47062468209400113A51 /* neodgm.ttf */,
				6A8F517E245FFB6900285788 /* LaunchScreen.storyboard */,
				6A8F5181245FFB6900285788 /* Info.plist */,
			);
			path = BaseBallGame;
			sourceTree = "<group>";
		};
		6A8F5189245FFB6900285788 /* BaseBallGameTests */ = {
			isa = PBXGroup;
			children = (
				6A8F518A245FFB6900285788 /* BaseBallGameTests.swift */,
				6A8F518C245FFB6900285788 /* Info.plist */,
			);
			path = BaseBallGameTests;
			sourceTree = "<group>";
		};
		6A8F5199246249E900285788 /* Controller */ = {
			isa = PBXGroup;
			children = (
				6A8F5177245FFB6800285788 /* LoginViewController.swift */,
				6A8F5197246249E400285788 /* GameListViewController.swift */,
				6A8F519A24624A0800285788 /* GameViewController.swift */,
				6A8F519C24624CA900285788 /* ScoreDetailViewController.swift */,
				6A5D470A24685DC100113A51 /* MatchingViewController.swift */,
			);
			path = Controller;
			sourceTree = "<group>";
		};
		6A8F519E2462AA1F00285788 /* View */ = {
			isa = PBXGroup;
			children = (
				6A8F519F2462AD5300285788 /* GameStackCell.xib */,
				6A8F51A12462AD8A00285788 /* Game.swift */,
				6A2D3B5E2464FD7D003705B1 /* GameStackView.swift */,
				6A5D470E24686D2200113A51 /* TeamScoreView.swift */,
				6A8F51952460084B00285788 /* RectView.swift */,
				6A45AB89246872E000FC2B57 /* RoundRectView.swift */,
				6A9F98C92469A64200AFF008 /* BSOView.swift */,
				6A9F98CD2469A84C00AFF008 /* OvalView.swift */,
				6A77002F246A9C4C003EA1CF /* CurrentAtBatView.swift */,
				6AD1357A246AD87000B947A3 /* PlayButton.swift */,
				6AD1357C246AD95F00B947A3 /* CustomButton.swift */,
				6AD135DE246BF19400B947A3 /* HistoryCollectionViewCell.swift */,
				6A18BE4A246C1992008344DF /* CurrentPlayerInfoView.swift */,
				6A6AA811246C675F00305B7B /* ScoreStackView.swift */,
				6A6AA813246C695700305B7B /* ScoreDetailTableDataSource.swift */,
			);
			path = View;
			sourceTree = "<group>";
		};
		6A8F51A32462B25500285788 /* Model */ = {
			isa = PBXGroup;
			children = (
				6A8F51A42462B26600285788 /* BaseBallGameInfo.swift */,
				6A5D470C246862FE00113A51 /* Enum.swift */,
			);
			path = Model;
			sourceTree = "<group>";
		};
/* End PBXGroup section */

/* Begin PBXNativeTarget section */
		6A8F516F245FFB6800285788 /* BaseBallGame */ = {
			isa = PBXNativeTarget;
			buildConfigurationList = 6A8F518F245FFB6900285788 /* Build configuration list for PBXNativeTarget "BaseBallGame" */;
			buildPhases = (
				6A8F516C245FFB6800285788 /* Sources */,
				6A8F516D245FFB6800285788 /* Frameworks */,
				6A8F516E245FFB6800285788 /* Resources */,
			);
			buildRules = (
			);
			dependencies = (
			);
			name = BaseBallGame;
			productName = BaseBallGame;
			productReference = 6A8F5170245FFB6800285788 /* BaseBallGame.app */;
			productType = "com.apple.product-type.application";
		};
		6A8F5185245FFB6900285788 /* BaseBallGameTests */ = {
			isa = PBXNativeTarget;
			buildConfigurationList = 6A8F5192245FFB6900285788 /* Build configuration list for PBXNativeTarget "BaseBallGameTests" */;
			buildPhases = (
				6A8F5182245FFB6900285788 /* Sources */,
				6A8F5183245FFB6900285788 /* Frameworks */,
				6A8F5184245FFB6900285788 /* Resources */,
			);
			buildRules = (
			);
			dependencies = (
				6A8F5188245FFB6900285788 /* PBXTargetDependency */,
			);
			name = BaseBallGameTests;
			productName = BaseBallGameTests;
			productReference = 6A8F5186245FFB6900285788 /* BaseBallGameTests.xctest */;
			productType = "com.apple.product-type.bundle.unit-test";
		};
/* End PBXNativeTarget section */

/* Begin PBXProject section */
		6A8F5168245FFB6800285788 /* Project object */ = {
			isa = PBXProject;
			attributes = {
				LastSwiftUpdateCheck = 1140;
				LastUpgradeCheck = 1140;
				ORGANIZATIONNAME = "dev-Lena";
				TargetAttributes = {
					6A8F516F245FFB6800285788 = {
						CreatedOnToolsVersion = 11.4.1;
					};
					6A8F5185245FFB6900285788 = {
						CreatedOnToolsVersion = 11.4.1;
						TestTargetID = 6A8F516F245FFB6800285788;
					};
				};
			};
			buildConfigurationList = 6A8F516B245FFB6800285788 /* Build configuration list for PBXProject "BaseBallGame" */;
			compatibilityVersion = "Xcode 9.3";
			developmentRegion = en;
			hasScannedForEncodings = 0;
			knownRegions = (
				en,
				Base,
			);
			mainGroup = 6A8F5167245FFB6800285788;
			productRefGroup = 6A8F5171245FFB6800285788 /* Products */;
			projectDirPath = "";
			projectRoot = "";
			targets = (
				6A8F516F245FFB6800285788 /* BaseBallGame */,
				6A8F5185245FFB6900285788 /* BaseBallGameTests */,
			);
		};
/* End PBXProject section */

/* Begin PBXResourcesBuildPhase section */
		6A8F516E245FFB6800285788 /* Resources */ = {
			isa = PBXResourcesBuildPhase;
			buildActionMask = 2147483647;
			files = (
				6A5D47072468209400113A51 /* neodgm.ttf in Resources */,
				6A8F5180245FFB6900285788 /* LaunchScreen.storyboard in Resources */,
				6A8F51A02462AD5300285788 /* GameStackCell.xib in Resources */,
				6A8F517B245FFB6800285788 /* Main.storyboard in Resources */,
				6A9F98CC2469A6B200AFF008 /* Assets.xcassets in Resources */,
			);
			runOnlyForDeploymentPostprocessing = 0;
		};
		6A8F5184245FFB6900285788 /* Resources */ = {
			isa = PBXResourcesBuildPhase;
			buildActionMask = 2147483647;
			files = (
				6A1426012462DEF6005FE87B /* GameStackCell.xib in Resources */,
			);
			runOnlyForDeploymentPostprocessing = 0;
		};
/* End PBXResourcesBuildPhase section */

/* Begin PBXSourcesBuildPhase section */
		6A8F516C245FFB6800285788 /* Sources */ = {
			isa = PBXSourcesBuildPhase;
			buildActionMask = 2147483647;
			files = (
				6A8F5198246249E400285788 /* GameListViewController.swift in Sources */,
				6A8F5178245FFB6800285788 /* LoginViewController.swift in Sources */,
				6A5D470D246862FE00113A51 /* Enum.swift in Sources */,
				6A8F51A52462B26600285788 /* BaseBallGameInfo.swift in Sources */,
				6A8F5174245FFB6800285788 /* AppDelegate.swift in Sources */,
				6A8F519B24624A0800285788 /* GameViewController.swift in Sources */,
				6A9F98CE2469A84C00AFF008 /* OvalView.swift in Sources */,
				6A5D470F24686D2200113A51 /* TeamScoreView.swift in Sources */,
				6AD1357D246AD95F00B947A3 /* CustomButton.swift in Sources */,
				6A8F51962460084B00285788 /* RectView.swift in Sources */,
				6A9F98CA2469A64200AFF008 /* BSOView.swift in Sources */,
				6AD135E0246BF19400B947A3 /* HistoryCollectionViewCell.swift in Sources */,
				6A770030246A9C4C003EA1CF /* CurrentAtBatView.swift in Sources */,
				6AD1357B246AD87000B947A3 /* PlayButton.swift in Sources */,
				6A18BE4B246C1992008344DF /* CurrentPlayerInfoView.swift in Sources */,
				6A5D470B24685DC100113A51 /* MatchingViewController.swift in Sources */,
				6A6AA812246C675F00305B7B /* ScoreStackView.swift in Sources */,
				6A45AB8A246872E000FC2B57 /* RoundRectView.swift in Sources */,
				6A6AA814246C695700305B7B /* ScoreDetailTableDataSource.swift in Sources */,
				6A8F5176245FFB6800285788 /* SceneDelegate.swift in Sources */,
				6A8F51A22462AD8A00285788 /* Game.swift in Sources */,
				6A8F519D24624CA900285788 /* ScoreDetailViewController.swift in Sources */,
				6A2D3B5F2464FD7D003705B1 /* GameStackView.swift in Sources */,
			);
			runOnlyForDeploymentPostprocessing = 0;
		};
		6A8F5182245FFB6900285788 /* Sources */ = {
			isa = PBXSourcesBuildPhase;
			buildActionMask = 2147483647;
			files = (
				6A1425FF2462DC7F005FE87B /* Game.swift in Sources */,
				6A8F518B245FFB6900285788 /* BaseBallGameTests.swift in Sources */,
				6A1426002462DCBA005FE87B /* BaseBallGameInfo.swift in Sources */,
			);
			runOnlyForDeploymentPostprocessing = 0;
		};
/* End PBXSourcesBuildPhase section */

/* Begin PBXTargetDependency section */
		6A8F5188245FFB6900285788 /* PBXTargetDependency */ = {
			isa = PBXTargetDependency;
			target = 6A8F516F245FFB6800285788 /* BaseBallGame */;
			targetProxy = 6A8F5187245FFB6900285788 /* PBXContainerItemProxy */;
		};
/* End PBXTargetDependency section */

/* Begin PBXVariantGroup section */
		6A8F5179245FFB6800285788 /* Main.storyboard */ = {
			isa = PBXVariantGroup;
			children = (
				6A8F517A245FFB6800285788 /* Base */,
			);
			name = Main.storyboard;
			sourceTree = "<group>";
		};
		6A8F517E245FFB6900285788 /* LaunchScreen.storyboard */ = {
			isa = PBXVariantGroup;
			children = (
				6A8F517F245FFB6900285788 /* Base */,
			);
			name = LaunchScreen.storyboard;
			sourceTree = "<group>";
		};
/* End PBXVariantGroup section */

/* Begin XCBuildConfiguration section */
		6A8F518D245FFB6900285788 /* Debug */ = {
			isa = XCBuildConfiguration;
			buildSettings = {
				ALWAYS_SEARCH_USER_PATHS = NO;
				CLANG_ANALYZER_NONNULL = YES;
				CLANG_ANALYZER_NUMBER_OBJECT_CONVERSION = YES_AGGRESSIVE;
				CLANG_CXX_LANGUAGE_STANDARD = "gnu++14";
				CLANG_CXX_LIBRARY = "libc++";
				CLANG_ENABLE_MODULES = YES;
				CLANG_ENABLE_OBJC_ARC = YES;
				CLANG_ENABLE_OBJC_WEAK = YES;
				CLANG_WARN_BLOCK_CAPTURE_AUTORELEASING = YES;
				CLANG_WARN_BOOL_CONVERSION = YES;
				CLANG_WARN_COMMA = YES;
				CLANG_WARN_CONSTANT_CONVERSION = YES;
				CLANG_WARN_DEPRECATED_OBJC_IMPLEMENTATIONS = YES;
				CLANG_WARN_DIRECT_OBJC_ISA_USAGE = YES_ERROR;
				CLANG_WARN_DOCUMENTATION_COMMENTS = YES;
				CLANG_WARN_EMPTY_BODY = YES;
				CLANG_WARN_ENUM_CONVERSION = YES;
				CLANG_WARN_INFINITE_RECURSION = YES;
				CLANG_WARN_INT_CONVERSION = YES;
				CLANG_WARN_NON_LITERAL_NULL_CONVERSION = YES;
				CLANG_WARN_OBJC_IMPLICIT_RETAIN_SELF = YES;
				CLANG_WARN_OBJC_LITERAL_CONVERSION = YES;
				CLANG_WARN_OBJC_ROOT_CLASS = YES_ERROR;
				CLANG_WARN_RANGE_LOOP_ANALYSIS = YES;
				CLANG_WARN_STRICT_PROTOTYPES = YES;
				CLANG_WARN_SUSPICIOUS_MOVE = YES;
				CLANG_WARN_UNGUARDED_AVAILABILITY = YES_AGGRESSIVE;
				CLANG_WARN_UNREACHABLE_CODE = YES;
				CLANG_WARN__DUPLICATE_METHOD_MATCH = YES;
				COPY_PHASE_STRIP = NO;
				DEBUG_INFORMATION_FORMAT = dwarf;
				ENABLE_STRICT_OBJC_MSGSEND = YES;
				ENABLE_TESTABILITY = YES;
				GCC_C_LANGUAGE_STANDARD = gnu11;
				GCC_DYNAMIC_NO_PIC = NO;
				GCC_NO_COMMON_BLOCKS = YES;
				GCC_OPTIMIZATION_LEVEL = 0;
				GCC_PREPROCESSOR_DEFINITIONS = (
					"DEBUG=1",
					"$(inherited)",
				);
				GCC_WARN_64_TO_32_BIT_CONVERSION = YES;
				GCC_WARN_ABOUT_RETURN_TYPE = YES_ERROR;
				GCC_WARN_UNDECLARED_SELECTOR = YES;
				GCC_WARN_UNINITIALIZED_AUTOS = YES_AGGRESSIVE;
				GCC_WARN_UNUSED_FUNCTION = YES;
				GCC_WARN_UNUSED_VARIABLE = YES;
				IPHONEOS_DEPLOYMENT_TARGET = 13.4;
				MTL_ENABLE_DEBUG_INFO = INCLUDE_SOURCE;
				MTL_FAST_MATH = YES;
				ONLY_ACTIVE_ARCH = YES;
				SDKROOT = iphoneos;
				SWIFT_ACTIVE_COMPILATION_CONDITIONS = DEBUG;
				SWIFT_OPTIMIZATION_LEVEL = "-Onone";
			};
			name = Debug;
		};
		6A8F518E245FFB6900285788 /* Release */ = {
			isa = XCBuildConfiguration;
			buildSettings = {
				ALWAYS_SEARCH_USER_PATHS = NO;
				CLANG_ANALYZER_NONNULL = YES;
				CLANG_ANALYZER_NUMBER_OBJECT_CONVERSION = YES_AGGRESSIVE;
				CLANG_CXX_LANGUAGE_STANDARD = "gnu++14";
				CLANG_CXX_LIBRARY = "libc++";
				CLANG_ENABLE_MODULES = YES;
				CLANG_ENABLE_OBJC_ARC = YES;
				CLANG_ENABLE_OBJC_WEAK = YES;
				CLANG_WARN_BLOCK_CAPTURE_AUTORELEASING = YES;
				CLANG_WARN_BOOL_CONVERSION = YES;
				CLANG_WARN_COMMA = YES;
				CLANG_WARN_CONSTANT_CONVERSION = YES;
				CLANG_WARN_DEPRECATED_OBJC_IMPLEMENTATIONS = YES;
				CLANG_WARN_DIRECT_OBJC_ISA_USAGE = YES_ERROR;
				CLANG_WARN_DOCUMENTATION_COMMENTS = YES;
				CLANG_WARN_EMPTY_BODY = YES;
				CLANG_WARN_ENUM_CONVERSION = YES;
				CLANG_WARN_INFINITE_RECURSION = YES;
				CLANG_WARN_INT_CONVERSION = YES;
				CLANG_WARN_NON_LITERAL_NULL_CONVERSION = YES;
				CLANG_WARN_OBJC_IMPLICIT_RETAIN_SELF = YES;
				CLANG_WARN_OBJC_LITERAL_CONVERSION = YES;
				CLANG_WARN_OBJC_ROOT_CLASS = YES_ERROR;
				CLANG_WARN_RANGE_LOOP_ANALYSIS = YES;
				CLANG_WARN_STRICT_PROTOTYPES = YES;
				CLANG_WARN_SUSPICIOUS_MOVE = YES;
				CLANG_WARN_UNGUARDED_AVAILABILITY = YES_AGGRESSIVE;
				CLANG_WARN_UNREACHABLE_CODE = YES;
				CLANG_WARN__DUPLICATE_METHOD_MATCH = YES;
				COPY_PHASE_STRIP = NO;
				DEBUG_INFORMATION_FORMAT = "dwarf-with-dsym";
				ENABLE_NS_ASSERTIONS = NO;
				ENABLE_STRICT_OBJC_MSGSEND = YES;
				GCC_C_LANGUAGE_STANDARD = gnu11;
				GCC_NO_COMMON_BLOCKS = YES;
				GCC_WARN_64_TO_32_BIT_CONVERSION = YES;
				GCC_WARN_ABOUT_RETURN_TYPE = YES_ERROR;
				GCC_WARN_UNDECLARED_SELECTOR = YES;
				GCC_WARN_UNINITIALIZED_AUTOS = YES_AGGRESSIVE;
				GCC_WARN_UNUSED_FUNCTION = YES;
				GCC_WARN_UNUSED_VARIABLE = YES;
				IPHONEOS_DEPLOYMENT_TARGET = 13.4;
				MTL_ENABLE_DEBUG_INFO = NO;
				MTL_FAST_MATH = YES;
				SDKROOT = iphoneos;
				SWIFT_COMPILATION_MODE = wholemodule;
				SWIFT_OPTIMIZATION_LEVEL = "-O";
				VALIDATE_PRODUCT = YES;
			};
			name = Release;
		};
		6A8F5190245FFB6900285788 /* Debug */ = {
			isa = XCBuildConfiguration;
			buildSettings = {
				ASSETCATALOG_COMPILER_APPICON_NAME = AppIcon;
				CODE_SIGN_STYLE = Automatic;
				DEVELOPMENT_TEAM = 93A6S4WHC4;
				INFOPLIST_FILE = BaseBallGame/Info.plist;
				LD_RUNPATH_SEARCH_PATHS = (
					"$(inherited)",
					"@executable_path/Frameworks",
				);
				PRODUCT_BUNDLE_IDENTIFIER = "-.BaseBallGame";
				PRODUCT_NAME = "$(TARGET_NAME)";
				SWIFT_VERSION = 5.0;
				TARGETED_DEVICE_FAMILY = "1,2";
			};
			name = Debug;
		};
		6A8F5191245FFB6900285788 /* Release */ = {
			isa = XCBuildConfiguration;
			buildSettings = {
				ASSETCATALOG_COMPILER_APPICON_NAME = AppIcon;
				CODE_SIGN_STYLE = Automatic;
				DEVELOPMENT_TEAM = 93A6S4WHC4;
				INFOPLIST_FILE = BaseBallGame/Info.plist;
				LD_RUNPATH_SEARCH_PATHS = (
					"$(inherited)",
					"@executable_path/Frameworks",
				);
				PRODUCT_BUNDLE_IDENTIFIER = "-.BaseBallGame";
				PRODUCT_NAME = "$(TARGET_NAME)";
				SWIFT_VERSION = 5.0;
				TARGETED_DEVICE_FAMILY = "1,2";
			};
			name = Release;
		};
		6A8F5193245FFB6900285788 /* Debug */ = {
			isa = XCBuildConfiguration;
			buildSettings = {
				ALWAYS_EMBED_SWIFT_STANDARD_LIBRARIES = YES;
				BUNDLE_LOADER = "$(TEST_HOST)";
				CODE_SIGN_STYLE = Automatic;
				DEVELOPMENT_TEAM = 93A6S4WHC4;
				INFOPLIST_FILE = BaseBallGameTests/Info.plist;
				IPHONEOS_DEPLOYMENT_TARGET = 13.4;
				LD_RUNPATH_SEARCH_PATHS = (
					"$(inherited)",
					"@executable_path/Frameworks",
					"@loader_path/Frameworks",
				);
				PRODUCT_BUNDLE_IDENTIFIER = "-.BaseBallGameTests";
				PRODUCT_NAME = "$(TARGET_NAME)";
				SWIFT_VERSION = 5.0;
				TARGETED_DEVICE_FAMILY = "1,2";
				TEST_HOST = "$(BUILT_PRODUCTS_DIR)/BaseBallGame.app/BaseBallGame";
			};
			name = Debug;
		};
		6A8F5194245FFB6900285788 /* Release */ = {
			isa = XCBuildConfiguration;
			buildSettings = {
				ALWAYS_EMBED_SWIFT_STANDARD_LIBRARIES = YES;
				BUNDLE_LOADER = "$(TEST_HOST)";
				CODE_SIGN_STYLE = Automatic;
				DEVELOPMENT_TEAM = 93A6S4WHC4;
				INFOPLIST_FILE = BaseBallGameTests/Info.plist;
				IPHONEOS_DEPLOYMENT_TARGET = 13.4;
				LD_RUNPATH_SEARCH_PATHS = (
					"$(inherited)",
					"@executable_path/Frameworks",
					"@loader_path/Frameworks",
				);
				PRODUCT_BUNDLE_IDENTIFIER = "-.BaseBallGameTests";
				PRODUCT_NAME = "$(TARGET_NAME)";
				SWIFT_VERSION = 5.0;
				TARGETED_DEVICE_FAMILY = "1,2";
				TEST_HOST = "$(BUILT_PRODUCTS_DIR)/BaseBallGame.app/BaseBallGame";
			};
			name = Release;
		};
/* End XCBuildConfiguration section */

/* Begin XCConfigurationList section */
		6A8F516B245FFB6800285788 /* Build configuration list for PBXProject "BaseBallGame" */ = {
			isa = XCConfigurationList;
			buildConfigurations = (
				6A8F518D245FFB6900285788 /* Debug */,
				6A8F518E245FFB6900285788 /* Release */,
			);
			defaultConfigurationIsVisible = 0;
			defaultConfigurationName = Release;
		};
		6A8F518F245FFB6900285788 /* Build configuration list for PBXNativeTarget "BaseBallGame" */ = {
			isa = XCConfigurationList;
			buildConfigurations = (
				6A8F5190245FFB6900285788 /* Debug */,
				6A8F5191245FFB6900285788 /* Release */,
			);
			defaultConfigurationIsVisible = 0;
			defaultConfigurationName = Release;
		};
		6A8F5192245FFB6900285788 /* Build configuration list for PBXNativeTarget "BaseBallGameTests" */ = {
			isa = XCConfigurationList;
			buildConfigurations = (
				6A8F5193245FFB6900285788 /* Debug */,
				6A8F5194245FFB6900285788 /* Release */,
			);
			defaultConfigurationIsVisible = 0;
			defaultConfigurationName = Release;
		};
/* End XCConfigurationList section */
	};
	rootObject = 6A8F5168245FFB6800285788 /* Project object */;
}
